
Microsoft Visual Studio Solution File, Format Version 12.00
# Visual Studio 15
VisualStudioVersion = 15.0.27703.2042
MinimumVisualStudioVersion = 10.0.40219.1
Project("{FAE04EC0-301F-11D3-BF4B-00C04F79EFBC}") = "TestWebAPI", "TestWebAPI\TestWebAPI.csproj", "{B01D9A3D-61F6-4F30-A6D6-C7C802D3235F}"
EndProject
Project("{FAE04EC0-301F-11D3-BF4B-00C04F79EFBC}") = "WebAPIConsume", "WebAPIConsume\WebAPIConsume.csproj", "{A3D01DDA-C70A-46DA-83B0-6386498CB977}"
EndProject
Global
	GlobalSection(SolutionConfigurationPlatforms) = preSolution
		Debug|Any CPU = Debug|Any CPU
		Release|Any CPU = Release|Any CPU
	EndGlobalSection
	GlobalSection(ProjectConfigurationPlatforms) = postSolution
		{B01D9A3D-61F6-4F30-A6D6-C7C802D3235F}.Debug|Any CPU.ActiveCfg = Debug|Any CPU
		{B01D9A3D-61F6-4F30-A6D6-C7C802D3235F}.Debug|Any CPU.Build.0 = Debug|Any CPU
		{B01D9A3D-61F6-4F30-A6D6-C7C802D3235F}.Release|Any CPU.ActiveCfg = Release|Any CPU
		{B01D9A3D-61F6-4F30-A6D6-C7C802D3235F}.Release|Any CPU.Build.0 = Release|Any CPU
		{A3D01DDA-C70A-46DA-83B0-6386498CB977}.Debug|Any CPU.ActiveCfg = Debug|Any CPU
		{A3D01DDA-C70A-46DA-83B0-6386498CB977}.Debug|Any CPU.Build.0 = Debug|Any CPU
		{A3D01DDA-C70A-46DA-83B0-6386498CB977}.Release|Any CPU.ActiveCfg = Release|Any CPU
		{A3D01DDA-C70A-46DA-83B0-6386498CB977}.Release|Any CPU.Build.0 = Release|Any CPU
	EndGlobalSection
	GlobalSection(SolutionProperties) = preSolution
		HideSolutionNode = FALSE
	EndGlobalSection
	GlobalSection(ExtensibilityGlobals) = postSolution
		SolutionGuid = {1C78413C-16F0-4547-85F7-D4AB2B7951A3}
	EndGlobalSection
EndGlobal
